
Microsoft Visual Studio Solution File, Format Version 12.00
# Visual Studio Version 17
VisualStudioVersion = 17.9.34714.143
MinimumVisualStudioVersion = 10.0.40219.1
Project("{FAE04EC0-301F-11D3-BF4B-00C04F79EFBC}") = "Lab2", "Lab2\Lab2.csproj", "{5077D113-CAAF-4EFA-9925-3089D199938C}"
EndProject
Global
	GlobalSection(SolutionConfigurationPlatforms) = preSolution
		Debug|Any CPU = Debug|Any CPU
		Release|Any CPU = Release|Any CPU
	EndGlobalSection
	GlobalSection(ProjectConfigurationPlatforms) = postSolution
		{5077D113-CAAF-4EFA-9925-3089D199938C}.Debug|Any CPU.ActiveCfg = Debug|Any CPU
		{5077D113-CAAF-4EFA-9925-3089D199938C}.Debug|Any CPU.Build.0 = Debug|Any CPU
		{5077D113-CAAF-4EFA-9925-3089D199938C}.Release|Any CPU.ActiveCfg = Release|Any CPU
		{5077D113-CAAF-4EFA-9925-3089D199938C}.Release|Any CPU.Build.0 = Release|Any CPU
	EndGlobalSection
	GlobalSection(SolutionProperties) = preSolution
		HideSolutionNode = FALSE
	EndGlobalSection
	GlobalSection(ExtensibilityGlobals) = postSolution
		SolutionGuid = {389A4AAC-6F13-4D01-93FF-A01250821F7F}
	EndGlobalSection
EndGlobal
